{
  "name": "enco-poodle-mode",
  "version": "0.1.13",
  "lockfileVersion": 1,
  "requires": true,
  "dependencies": {
    "ajax-request": {
      "version": "1.2.3",
      "resolved": "https://registry.npmjs.org/ajax-request/-/ajax-request-1.2.3.tgz",
      "integrity": "sha1-mfy+wdbSeS+F+pSVNTMr0U9fN5A=",
      "requires": {
        "file-system": "^2.1.1",
        "utils-extend": "^1.0.7"
      }
    },
    "chai-as-promised": {
      "version": "7.1.1",
      "resolved": "https://registry.npmjs.org/chai-as-promised/-/chai-as-promised-7.1.1.tgz",
      "integrity": "sha512-azL6xMoi+uxu6z4rhWQ1jbdUhOMhis2PvscD/xjLqNMkv3BPPp2JyyuTHOrf9BOosGpNQ11v6BKv/g57RXbiaA==",
      "requires": {
        "check-error": "^1.0.2"
      }
    },
    "check-error": {
      "version": "1.0.2",
      "resolved": "https://registry.npmjs.org/check-error/-/check-error-1.0.2.tgz",
      "integrity": "sha1-V00xLt2Iu13YkS6Sht1sCu1KrII="
    },
    "co": {
      "version": "4.6.0",
      "resolved": "https://registry.npmjs.org/co/-/co-4.6.0.tgz",
      "integrity": "sha1-bqa989hTrlTMuOR7+gvz+QMfsYQ="
    },
    "commander": {
      "version": "2.20.3",
      "resolved": "https://registry.npmjs.org/commander/-/commander-2.20.3.tgz",
      "integrity": "sha512-GpVkmM8vF2vQUkj2LvZmD35JxeJOLCwJ9cUkugyk2nuhbv3+mJvpLYYt+0+USMxE+oj+ey/lJEnhZw75x/OMcQ=="
    },
    "dav": {
      "version": "1.8.0",
      "resolved": "https://registry.npmjs.org/dav/-/dav-1.8.0.tgz",
      "integrity": "sha512-bXxosIeImCcaHgn9gtdVKeAazUJhGeZ2lIy4wtHamBmMvAfG5aSAkSada3u6ZcOcBpLl1f8Zs5kj7m5uUAM4vg==",
      "requires": {
        "co": "^4.6.0",
        "xmldom": "^0.1.19",
        "xmlhttprequest": "^1.7.0"
      }
    },
    "enco-poodle-api-interface": {
      "version": "0.1.22",
      "resolved": "https://registry.npmjs.org/enco-poodle-api-interface/-/enco-poodle-api-interface-0.1.22.tgz",
      "integrity": "sha512-e+n8GESByvXspEe411OtLwiX41ONSTQo5DNTHEmhHMByGKaR+Ca8W9YFOO4DTJys92ch1Q1Ra473J3dNozf+bg==",
      "requires": {
        "chai-as-promised": "^7.1.1",
        "enco-poodle-crud-interface": "^0.1.24",
        "enco-poodle-dav-interface": "^0.1.5",
        "enco-poodle-utils": "^0.1.1"
      },
      "dependencies": {
        "enco-poodle-crud-interface": {
          "version": "0.1.24",
          "resolved": "https://registry.npmjs.org/enco-poodle-crud-interface/-/enco-poodle-crud-interface-0.1.24.tgz",
          "integrity": "sha512-C0xhCT8PbnBWcgN3fygdVV/urcsKZd259kOr14CmS4ot/8tki5YZD09pTe6ap/YPFvJdWmWB/DTJVEESBmJiYQ==",
          "requires": {
            "ajax-request": "^1.2.3",
            "chai-as-promised": "^7.1.1",
            "enco-poodle-mode-simple": "^0.1.12"
          }
        },
        "enco-poodle-mode-simple": {
          "version": "0.1.12",
          "resolved": "https://registry.npmjs.org/enco-poodle-mode-simple/-/enco-poodle-mode-simple-0.1.12.tgz",
          "integrity": "sha512-wXA6L6jhowR5bATIwg9/LHekrY7VnO2n04GjgEowZ+TN2l538W/e2zsw+Ey6h8ROWeqFkGwypUsck3e/1U0UFA=="
        }
      }
    },
    "enco-poodle-crud-interface": {
      "version": "0.1.24",
      "resolved": "https://registry.npmjs.org/enco-poodle-crud-interface/-/enco-poodle-crud-interface-0.1.24.tgz",
      "integrity": "sha512-C0xhCT8PbnBWcgN3fygdVV/urcsKZd259kOr14CmS4ot/8tki5YZD09pTe6ap/YPFvJdWmWB/DTJVEESBmJiYQ==",
      "requires": {
        "ajax-request": "^1.2.3",
        "chai-as-promised": "^7.1.1",
        "enco-poodle-mode-simple": "^0.1.12"
      },
      "dependencies": {
        "enco-poodle-mode-simple": {
          "version": "0.1.12",
          "resolved": "https://registry.npmjs.org/enco-poodle-mode-simple/-/enco-poodle-mode-simple-0.1.12.tgz",
          "integrity": "sha512-wXA6L6jhowR5bATIwg9/LHekrY7VnO2n04GjgEowZ+TN2l538W/e2zsw+Ey6h8ROWeqFkGwypUsck3e/1U0UFA=="
        }
      }
    },
    "enco-poodle-dav-interface": {
      "version": "0.1.5",
      "resolved": "https://registry.npmjs.org/enco-poodle-dav-interface/-/enco-poodle-dav-interface-0.1.5.tgz",
      "integrity": "sha512-Xh8jlefMiekdpHE6cH5/zV0rGQZyoAJMTetJzRfbPWX2kZFNARFKkjv8RvFgRuPzyFlKZ26aLHcyXlefwJWkeQ==",
      "requires": {
        "dav": "^1.8.0",
        "ical.js": "^1.3.0",
        "ical2json": "^2.0.0",
        "moment": "^2.24.0"
      }
    },
    "enco-poodle-json-schema": {
      "version": "0.1.23",
      "resolved": "https://registry.npmjs.org/enco-poodle-json-schema/-/enco-poodle-json-schema-0.1.23.tgz",
      "integrity": "sha512-tDyjVGGTw6J7/5M+AUv1pN8GPsuOIcESYlz0eNXc3rD5CCjCj53JksnFSB4zezoMmpUlHPy9Hml6t1NHeTeBNw=="
    },
    "enco-poodle-mode-simple": {
      "version": "0.1.12",
      "resolved": "https://registry.npmjs.org/enco-poodle-mode-simple/-/enco-poodle-mode-simple-0.1.12.tgz",
      "integrity": "sha512-wXA6L6jhowR5bATIwg9/LHekrY7VnO2n04GjgEowZ+TN2l538W/e2zsw+Ey6h8ROWeqFkGwypUsck3e/1U0UFA=="
    },
    "enco-poodle-utils": {
      "version": "0.1.1",
      "resolved": "https://registry.npmjs.org/enco-poodle-utils/-/enco-poodle-utils-0.1.1.tgz",
      "integrity": "sha512-Sc2nnwnF0M1mw2SICQCjSAvc7GJoLGavkx0J77vIZ0b8oizghnt6s0UBHeMBjGqnUjHSX+CfXRaAPQSJZwbqgw==",
      "requires": {
        "moment": "^2.24.0",
        "simple-node-logger": "^18.12.24",
        "uuid": "^3.3.3"
      }
    },
    "file-match": {
      "version": "1.0.2",
      "resolved": "https://registry.npmjs.org/file-match/-/file-match-1.0.2.tgz",
      "integrity": "sha1-ycrSZdLIrfOoFHWw30dYWQafrvc=",
      "requires": {
        "utils-extend": "^1.0.6"
      }
    },
    "file-system": {
      "version": "2.2.2",
      "resolved": "https://registry.npmjs.org/file-system/-/file-system-2.2.2.tgz",
      "integrity": "sha1-fWWDPjojR9zZVqgTxncVPtPt2Yc=",
      "requires": {
        "file-match": "^1.0.1",
        "utils-extend": "^1.0.4"
      }
    },
    "ical.js": {
      "version": "1.4.0",
      "resolved": "https://registry.npmjs.org/ical.js/-/ical.js-1.4.0.tgz",
      "integrity": "sha512-ltHZuOFNNjcyEYbzDgjemS7LWIFh2vydJeznxQHUh3dnarbxqOYsWONYteBVAq1MEOHnwXFGN2eskZReHclnrA=="
    },
    "ical2json": {
      "version": "2.0.0",
      "resolved": "https://registry.npmjs.org/ical2json/-/ical2json-2.0.0.tgz",
      "integrity": "sha512-nTjB+NDQ0dKSTw4SjNnRwn9PdLmnDnmZsYyDjBMzcwm+dwgL5c3GeSpFg+oId11XISF0iXWIt2kxGB4F9GoKmg==",
      "requires": {
        "commander": "^2.11.0",
        "q": "^1.5.1"
      }
    },
    "lodash": {
      "version": "4.17.19",
      "resolved": "https://registry.npmjs.org/lodash/-/lodash-4.17.19.tgz",
      "integrity": "sha512-JNvd8XER9GQX0v2qJgsaN/mzFCNA5BRe/j8JN9d+tWyGLSodKQHKFicdwNYzWwI3wjRnaKPsGj1XkBjx/F96DQ=="
    },
    "moment": {
      "version": "2.25.3",
      "resolved": "https://registry.npmjs.org/moment/-/moment-2.25.3.tgz",
      "integrity": "sha512-PuYv0PHxZvzc15Sp8ybUCoQ+xpyPWvjOuK72a5ovzp2LI32rJXOiIfyoFoYvG3s6EwwrdkMyWuRiEHSZRLJNdg=="
    },
    "q": {
      "version": "1.5.1",
      "resolved": "https://registry.npmjs.org/q/-/q-1.5.1.tgz",
      "integrity": "sha1-fjL3W0E4EpHQRhHxvxQQmsAGUdc="
    },
    "simple-node-logger": {
      "version": "18.12.24",
      "resolved": "https://registry.npmjs.org/simple-node-logger/-/simple-node-logger-18.12.24.tgz",
      "integrity": "sha512-4dTqpYecHsvPjWo+i+J3pLty8WJDNbxOVesNj5ch8pYH95LIGAFH4dxMSqyf+Os0RTchXifEtI/mfm3AVJftmg==",
      "requires": {
        "lodash": "^4.17.12",
        "moment": "^2.20.1"
      }
    },
    "utils-extend": {
      "version": "1.0.8",
      "resolved": "https://registry.npmjs.org/utils-extend/-/utils-extend-1.0.8.tgz",
      "integrity": "sha1-zP17ZFQPjpDuIe7Fd2nQZRyril8="
    },
    "uuid": {
      "version": "3.4.0",
      "resolved": "https://registry.npmjs.org/uuid/-/uuid-3.4.0.tgz",
      "integrity": "sha512-HjSDRw6gZE5JMggctHBcjVak08+KEVhSIiDzFnT9S9aegmp85S/bReBVTb4QTFaRNptJ9kuYaNhnbNEOkbKb/A=="
    },
    "xmldom": {
      "version": "0.1.31",
      "resolved": "https://registry.npmjs.org/xmldom/-/xmldom-0.1.31.tgz",
      "integrity": "sha512-yS2uJflVQs6n+CyjHoaBmVSqIDevTAWrzMmjG1Gc7h1qQ7uVozNhEPJAwZXWyGQ/Gafo3fCwrcaokezLPupVyQ=="
    },
    "xmlhttprequest": {
      "version": "1.8.0",
      "resolved": "https://registry.npmjs.org/xmlhttprequest/-/xmlhttprequest-1.8.0.tgz",
      "integrity": "sha1-Z/4HXFwk/vOfnWX197f+dRcZaPw="
    }
  }
}
